
Microsoft Visual Studio Solution File, Format Version 12.00
# Visual Studio Version 17
VisualStudioVersion = 17.6.33723.286
MinimumVisualStudioVersion = 10.0.40219.1
Project("{FAE04EC0-301F-11D3-BF4B-00C04F79EFBC}") = "22.08(2)", "22.08(2)\22.08(2).csproj", "{C9472765-37E7-47E0-9167-CEFDD580FC21}"
EndProject
Global
	GlobalSection(SolutionConfigurationPlatforms) = preSolution
		Debug|Any CPU = Debug|Any CPU
		Release|Any CPU = Release|Any CPU
	EndGlobalSection
	GlobalSection(ProjectConfigurationPlatforms) = postSolution
		{C9472765-37E7-47E0-9167-CEFDD580FC21}.Debug|Any CPU.ActiveCfg = Debug|Any CPU
		{C9472765-37E7-47E0-9167-CEFDD580FC21}.Debug|Any CPU.Build.0 = Debug|Any CPU
		{C9472765-37E7-47E0-9167-CEFDD580FC21}.Release|Any CPU.ActiveCfg = Release|Any CPU
		{C9472765-37E7-47E0-9167-CEFDD580FC21}.Release|Any CPU.Build.0 = Release|Any CPU
	EndGlobalSection
	GlobalSection(SolutionProperties) = preSolution
		HideSolutionNode = FALSE
	EndGlobalSection
	GlobalSection(ExtensibilityGlobals) = postSolution
		SolutionGuid = {2E2D0AFE-0325-4CBF-9DF7-4573945A1A52}
	EndGlobalSection
EndGlobal
