
Microsoft Visual Studio Solution File, Format Version 12.00
Project("{FAE04EC0-301F-11D3-BF4B-00C04F79EFBC}") = "3.09 2", "3.09 2\3.09 2.csproj", "{C3F5C562-577C-40C6-8252-C5BF73F4BC75}"
EndProject
Global
	GlobalSection(SolutionConfigurationPlatforms) = preSolution
		Debug|Any CPU = Debug|Any CPU
		Release|Any CPU = Release|Any CPU
	EndGlobalSection
	GlobalSection(ProjectConfigurationPlatforms) = postSolution
		{C3F5C562-577C-40C6-8252-C5BF73F4BC75}.Debug|Any CPU.ActiveCfg = Debug|Any CPU
		{C3F5C562-577C-40C6-8252-C5BF73F4BC75}.Debug|Any CPU.Build.0 = Debug|Any CPU
		{C3F5C562-577C-40C6-8252-C5BF73F4BC75}.Release|Any CPU.ActiveCfg = Release|Any CPU
		{C3F5C562-577C-40C6-8252-C5BF73F4BC75}.Release|Any CPU.Build.0 = Release|Any CPU
	EndGlobalSection
EndGlobal
