
Microsoft Visual Studio Solution File, Format Version 12.00
Project("{FAE04EC0-301F-11D3-BF4B-00C04F79EFBC}") = "12.09", "12.09\12.09.csproj", "{87E12718-6B19-4A9A-B58A-3AAC6FCEF277}"
EndProject
Global
	GlobalSection(SolutionConfigurationPlatforms) = preSolution
		Debug|Any CPU = Debug|Any CPU
		Release|Any CPU = Release|Any CPU
	EndGlobalSection
	GlobalSection(ProjectConfigurationPlatforms) = postSolution
		{87E12718-6B19-4A9A-B58A-3AAC6FCEF277}.Debug|Any CPU.ActiveCfg = Debug|Any CPU
		{87E12718-6B19-4A9A-B58A-3AAC6FCEF277}.Debug|Any CPU.Build.0 = Debug|Any CPU
		{87E12718-6B19-4A9A-B58A-3AAC6FCEF277}.Release|Any CPU.ActiveCfg = Release|Any CPU
		{87E12718-6B19-4A9A-B58A-3AAC6FCEF277}.Release|Any CPU.Build.0 = Release|Any CPU
	EndGlobalSection
EndGlobal
