
Microsoft Visual Studio Solution File, Format Version 12.00
# Visual Studio Version 17
VisualStudioVersion = 17.8.34408.163
MinimumVisualStudioVersion = 10.0.40219.1
Project("{FAE04EC0-301F-11D3-BF4B-00C04F79EFBC}") = "ApiProject", "ApiProject\ApiProject.csproj", "{8BA76FD7-4F4C-42CD-834C-2C01CE2C27A6}"
EndProject
Global
	GlobalSection(SolutionConfigurationPlatforms) = preSolution
		Debug|Any CPU = Debug|Any CPU
		Release|Any CPU = Release|Any CPU
	EndGlobalSection
	GlobalSection(ProjectConfigurationPlatforms) = postSolution
		{8BA76FD7-4F4C-42CD-834C-2C01CE2C27A6}.Debug|Any CPU.ActiveCfg = Debug|Any CPU
		{8BA76FD7-4F4C-42CD-834C-2C01CE2C27A6}.Debug|Any CPU.Build.0 = Debug|Any CPU
		{8BA76FD7-4F4C-42CD-834C-2C01CE2C27A6}.Release|Any CPU.ActiveCfg = Release|Any CPU
		{8BA76FD7-4F4C-42CD-834C-2C01CE2C27A6}.Release|Any CPU.Build.0 = Release|Any CPU
	EndGlobalSection
	GlobalSection(SolutionProperties) = preSolution
		HideSolutionNode = FALSE
	EndGlobalSection
	GlobalSection(ExtensibilityGlobals) = postSolution
		SolutionGuid = {88555741-D1D0-4494-BE92-A50620BC6301}
	EndGlobalSection
EndGlobal
