
Microsoft Visual Studio Solution File, Format Version 12.00
# Visual Studio Version 17
VisualStudioVersion = 17.6.33815.320
MinimumVisualStudioVersion = 10.0.40219.1
Project("{9A19103F-16F7-4668-BE54-9A1E7A4F7556}") = "Windows8Startmenu", "dz\Windows8Startmenu.csproj", "{6BF27466-709F-45D2-847F-52522D8E647E}"
EndProject
Global
	GlobalSection(SolutionConfigurationPlatforms) = preSolution
		Debug|Any CPU = Debug|Any CPU
		Release|Any CPU = Release|Any CPU
	EndGlobalSection
	GlobalSection(ProjectConfigurationPlatforms) = postSolution
		{6BF27466-709F-45D2-847F-52522D8E647E}.Debug|Any CPU.ActiveCfg = Debug|Any CPU
		{6BF27466-709F-45D2-847F-52522D8E647E}.Debug|Any CPU.Build.0 = Debug|Any CPU
		{6BF27466-709F-45D2-847F-52522D8E647E}.Release|Any CPU.ActiveCfg = Release|Any CPU
		{6BF27466-709F-45D2-847F-52522D8E647E}.Release|Any CPU.Build.0 = Release|Any CPU
	EndGlobalSection
	GlobalSection(SolutionProperties) = preSolution
		HideSolutionNode = FALSE
	EndGlobalSection
	GlobalSection(ExtensibilityGlobals) = postSolution
		SolutionGuid = {E2EF2763-EFC0-4948-8EEA-AAFC58CBFB2A}
	EndGlobalSection
EndGlobal
