
Microsoft Visual Studio Solution File, Format Version 12.00
# Visual Studio Version 17
VisualStudioVersion = 17.7.34221.43
MinimumVisualStudioVersion = 10.0.40219.1
Project("{FAE04EC0-301F-11D3-BF4B-00C04F79EFBC}") = "ProductAbstractFactory", "ProductAbstractFactory\ProductAbstractFactory.csproj", "{FC1A2966-22DF-47A1-8B40-9B082E66C6FA}"
EndProject
Global
	GlobalSection(SolutionConfigurationPlatforms) = preSolution
		Debug|Any CPU = Debug|Any CPU
		Release|Any CPU = Release|Any CPU
	EndGlobalSection
	GlobalSection(ProjectConfigurationPlatforms) = postSolution
		{FC1A2966-22DF-47A1-8B40-9B082E66C6FA}.Debug|Any CPU.ActiveCfg = Debug|Any CPU
		{FC1A2966-22DF-47A1-8B40-9B082E66C6FA}.Debug|Any CPU.Build.0 = Debug|Any CPU
		{FC1A2966-22DF-47A1-8B40-9B082E66C6FA}.Release|Any CPU.ActiveCfg = Release|Any CPU
		{FC1A2966-22DF-47A1-8B40-9B082E66C6FA}.Release|Any CPU.Build.0 = Release|Any CPU
	EndGlobalSection
	GlobalSection(SolutionProperties) = preSolution
		HideSolutionNode = FALSE
	EndGlobalSection
	GlobalSection(ExtensibilityGlobals) = postSolution
		SolutionGuid = {B5F08D67-C215-4857-B33E-88A5B5FB45CE}
	EndGlobalSection
EndGlobal
