
Microsoft Visual Studio Solution File, Format Version 12.00
Project("{FAE04EC0-301F-11D3-BF4B-00C04F79EFBC}") = "3.09", "3.09\3.09.csproj", "{3FD63396-18DB-4D6D-AC0E-D3387A74BD47}"
EndProject
Global
	GlobalSection(SolutionConfigurationPlatforms) = preSolution
		Debug|Any CPU = Debug|Any CPU
		Release|Any CPU = Release|Any CPU
	EndGlobalSection
	GlobalSection(ProjectConfigurationPlatforms) = postSolution
		{3FD63396-18DB-4D6D-AC0E-D3387A74BD47}.Debug|Any CPU.ActiveCfg = Debug|Any CPU
		{3FD63396-18DB-4D6D-AC0E-D3387A74BD47}.Debug|Any CPU.Build.0 = Debug|Any CPU
		{3FD63396-18DB-4D6D-AC0E-D3387A74BD47}.Release|Any CPU.ActiveCfg = Release|Any CPU
		{3FD63396-18DB-4D6D-AC0E-D3387A74BD47}.Release|Any CPU.Build.0 = Release|Any CPU
	EndGlobalSection
EndGlobal
