
Microsoft Visual Studio Solution File, Format Version 12.00
# Visual Studio Version 17
VisualStudioVersion = 17.8.34330.188
MinimumVisualStudioVersion = 10.0.40219.1
Project("{FAE04EC0-301F-11D3-BF4B-00C04F79EFBC}") = "Proxy", "Proxy\Proxy.csproj", "{C499E146-ADB4-42EF-BE4F-F422B38A580E}"
EndProject
Global
	GlobalSection(SolutionConfigurationPlatforms) = preSolution
		Debug|Any CPU = Debug|Any CPU
		Release|Any CPU = Release|Any CPU
	EndGlobalSection
	GlobalSection(ProjectConfigurationPlatforms) = postSolution
		{C499E146-ADB4-42EF-BE4F-F422B38A580E}.Debug|Any CPU.ActiveCfg = Debug|Any CPU
		{C499E146-ADB4-42EF-BE4F-F422B38A580E}.Debug|Any CPU.Build.0 = Debug|Any CPU
		{C499E146-ADB4-42EF-BE4F-F422B38A580E}.Release|Any CPU.ActiveCfg = Release|Any CPU
		{C499E146-ADB4-42EF-BE4F-F422B38A580E}.Release|Any CPU.Build.0 = Release|Any CPU
	EndGlobalSection
	GlobalSection(SolutionProperties) = preSolution
		HideSolutionNode = FALSE
	EndGlobalSection
	GlobalSection(ExtensibilityGlobals) = postSolution
		SolutionGuid = {B19011EB-F14A-4297-83EA-C4B4A6502E69}
	EndGlobalSection
EndGlobal
