
Microsoft Visual Studio Solution File, Format Version 12.00
# Visual Studio Version 17
VisualStudioVersion = 17.6.33815.320
MinimumVisualStudioVersion = 10.0.40219.1
Project("{FAE04EC0-301F-11D3-BF4B-00C04F79EFBC}") = "LoginRegistration", "LoginRegistration\LoginRegistration.csproj", "{FC9A8868-3908-4A4D-9F5F-5195BC315DED}"
EndProject
Global
	GlobalSection(SolutionConfigurationPlatforms) = preSolution
		Debug|Any CPU = Debug|Any CPU
		Release|Any CPU = Release|Any CPU
	EndGlobalSection
	GlobalSection(ProjectConfigurationPlatforms) = postSolution
		{FC9A8868-3908-4A4D-9F5F-5195BC315DED}.Debug|Any CPU.ActiveCfg = Debug|Any CPU
		{FC9A8868-3908-4A4D-9F5F-5195BC315DED}.Debug|Any CPU.Build.0 = Debug|Any CPU
		{FC9A8868-3908-4A4D-9F5F-5195BC315DED}.Release|Any CPU.ActiveCfg = Release|Any CPU
		{FC9A8868-3908-4A4D-9F5F-5195BC315DED}.Release|Any CPU.Build.0 = Release|Any CPU
	EndGlobalSection
	GlobalSection(SolutionProperties) = preSolution
		HideSolutionNode = FALSE
	EndGlobalSection
	GlobalSection(ExtensibilityGlobals) = postSolution
		SolutionGuid = {C38E3931-8346-4350-B283-EAB24421DB08}
	EndGlobalSection
EndGlobal
